
Microsoft Visual Studio Solution File, Format Version 12.00
# 
VisualStudioVersion = 15.0.28307.421
MinimumVisualStudioVersion = 10.0.40219.1
Global
	GlobalSection(SolutionProperties) = preSolution
		HideSolutionNode = FALSE
	EndGlobalSection
	GlobalSection(ExtensibilityGlobals) = postSolution
		SolutionGuid = {7CEF8252-07FD-4877-BBBC-64A5A8D2BB6D}
	EndGlobalSection
EndGlobal
